
Microsoft Visual Studio Solution File, Format Version 12.00
# Visual Studio Version 17
VisualStudioVersion = 17.5.33516.290
MinimumVisualStudioVersion = 10.0.40219.1
Project("{FAE04EC0-301F-11D3-BF4B-00C04F79EFBC}") = "ciclo_for", "ciclo_for.csproj", "{7F04FA4E-44F8-4BF3-B161-768B81B8C54F}"
EndProject
Global
	GlobalSection(SolutionConfigurationPlatforms) = preSolution
		Debug|Any CPU = Debug|Any CPU
		Release|Any CPU = Release|Any CPU
	EndGlobalSection
	GlobalSection(ProjectConfigurationPlatforms) = postSolution
		{7F04FA4E-44F8-4BF3-B161-768B81B8C54F}.Debug|Any CPU.ActiveCfg = Debug|Any CPU
		{7F04FA4E-44F8-4BF3-B161-768B81B8C54F}.Debug|Any CPU.Build.0 = Debug|Any CPU
		{7F04FA4E-44F8-4BF3-B161-768B81B8C54F}.Release|Any CPU.ActiveCfg = Release|Any CPU
		{7F04FA4E-44F8-4BF3-B161-768B81B8C54F}.Release|Any CPU.Build.0 = Release|Any CPU
	EndGlobalSection
	GlobalSection(SolutionProperties) = preSolution
		HideSolutionNode = FALSE
	EndGlobalSection
	GlobalSection(ExtensibilityGlobals) = postSolution
		SolutionGuid = {7319DEFA-7363-4E7D-A7BB-602B23954D42}
	EndGlobalSection
EndGlobal
